# @generated - this file is auto-generated by `mise lock` https://mise.jdx.dev/dev-tools/mise-lock.html

[[tools."aqua:EmbarkStudios/cargo-deny"]]
version = "0.20.2"
backend = "aqua:EmbarkStudios/cargo-deny"

[tools."aqua:EmbarkStudios/cargo-deny"."platforms.linux-x64"]
checksum = "sha256:9f12ed4c49936e09b48bf862b595cde2fe64fcbd9d74dfacac6131ca824c8d5f"
url = "https://github.com/EmbarkStudios/cargo-deny/releases/download/0.20.2/cargo-deny-0.20.2-x86_64-unknown-linux-musl.tar.gz"
url_api = "https://api.github.com/repos/EmbarkStudios/cargo-deny/releases/assets/471598214"

[[tools."cargo:cargo-audit"]]
version = "0.22.2"
backend = "cargo:cargo-audit"

[[tools."cargo:cargo-cyclonedx"]]
version = "0.5.9"
backend = "cargo:cargo-cyclonedx"

[[tools."cargo:cargo-sweep"]]
version = "0.8.0"
backend = "cargo:cargo-sweep"

[[tools.claude]]
version = "2.1.220"
backend = "aqua:anthropics/claude-code"

[tools.claude."platforms.linux-x64"]
checksum = "blake3:075b59b77f21fd5cf4dff6cc515467b1a26b960bc063393a80375a390ad2bfe7"
url = "https://storage.googleapis.com/claude-code-dist-86c565f3-f756-42ad-8dfa-d59b1c096819/claude-code-releases/2.1.220/linux-x64/claude"

[[tools.cocogitto]]
version = "7.0.0"
backend = "aqua:cocogitto/cocogitto"

[tools.cocogitto."platforms.linux-x64"]
checksum = "sha256:e03938ff2c4c86d71c00c0f3284dbbe95c5ca76fe34a51f33e945c23010d59bb"
url = "https://github.com/cocogitto/cocogitto/releases/download/7.0.0/cocogitto-7.0.0-x86_64-unknown-linux-musl.tar.gz"
url_api = "https://api.github.com/repos/cocogitto/cocogitto/releases/assets/366659350"

[[tools."github:mlab-sh/postmortem"]]
version = "2.0.0"
backend = "github:mlab-sh/postmortem"

[tools."github:mlab-sh/postmortem"."platforms.linux-x64"]
checksum = "sha256:46835ddf69110b76b16acb5ec6eb5916647c3e819229aa4c338c7e34af304374"
url = "https://github.com/mlab-sh/postmortem/releases/download/v2.0.0/postmortem-2.0.0-x86_64-unknown-linux-gnu.tar.gz"
url_api = "https://api.github.com/repos/mlab-sh/postmortem/releases/assets/501167447"

[[tools.gitleaks]]
version = "8.30.1"
backend = "aqua:gitleaks/gitleaks"

[tools.gitleaks."platforms.linux-x64"]
checksum = "sha256:551f6fc83ea457d62a0d98237cbad105af8d557003051f41f3e7ca7b3f2470eb"
url = "https://github.com/gitleaks/gitleaks/releases/download/v8.30.1/gitleaks_8.30.1_linux_x64.tar.gz"
url_api = "https://api.github.com/repos/gitleaks/gitleaks/releases/assets/378332058"

[[tools.go]]
version = "1.26.5"
backend = "core:go"

[tools.go."platforms.linux-x64"]
checksum = "sha256:5c2c3b16caefa1d968a94c1daca04a7ca301a496d9b086e17ad77bb81393f053"
url = "https://dl.google.com/go/go1.26.5.linux-amd64.tar.gz"

[[tools.helm]]
version = "4.2.3"
backend = "aqua:helm/helm"

[tools.helm."platforms.linux-x64"]
checksum = "sha256:e9b88b4ee95b18c706839c28d3a0220e5bc470e9cd9262410c90793c45ff8b7c"
url = "https://get.helm.sh/helm-v4.2.3-linux-amd64.tar.gz"

[[tools.k6]]
version = "2.1.0"
backend = "aqua:grafana/k6"

[tools.k6."platforms.linux-x64"]
checksum = "sha256:295d961ebfca306f295f1133068dcd403a8171c87f387928f5f30b0fbcff858a"
url = "https://github.com/grafana/k6/releases/download/v2.1.0/k6-v2.1.0-linux-amd64.tar.gz"
url_api = "https://api.github.com/repos/grafana/k6/releases/assets/461987498"

[[tools.lazydocker]]
version = "0.25.2"
backend = "aqua:jesseduffield/lazydocker"

[tools.lazydocker."platforms.linux-x64"]
checksum = "sha256:0d9dbfc26068b218e7ed84b104748cadc6e3cf733c0afd35465306fb39b9523c"
url = "https://github.com/jesseduffield/lazydocker/releases/download/v0.25.2/lazydocker_0.25.2_Linux_x86_64.tar.gz"
url_api = "https://api.github.com/repos/jesseduffield/lazydocker/releases/assets/399711577"

[[tools.mc]]
version = "RELEASE.2025-08-13T08-35-41Z"
backend = "aqua:minio/mc"

[tools.mc."platforms.linux-x64"]
checksum = "sha256:01f866e9c5f9b87c2b09116fa5d7c06695b106242d829a8bb32990c00312e891"
url = "https://dl.min.io/client/mc/release/linux-amd64/archive/mc.RELEASE.2025-08-13T08-35-41Z"
provenance = "minisign"

[[tools.node]]
version = "24.19.0"
backend = "core:node"

[tools.node."platforms.linux-x64"]
checksum = "sha256:f625d97cd707df4ff96254916fbc5ff014f09c09effe5a1e0ca8f6d41a8789d4"
url = "https://nodejs.org/dist/v24.19.0/node-v24.19.0-linux-x64.tar.gz"

[[tools.pnpm]]
version = "11.20.0"
backend = "aqua:pnpm/pnpm"

[tools.pnpm."platforms.linux-x64"]
checksum = "sha256:b4ad6ad2b21db2f8cd50af416c3aa148ba704c31c84893f465a770a01c2c4572"
url = "https://github.com/pnpm/pnpm/releases/download/v11.20.0/pnpm-linux-x64.tar.gz"
url_api = "https://api.github.com/repos/pnpm/pnpm/releases/assets/500142376"
provenance = "github-attestations"

[[tools.python]]
version = "3.14.6"
backend = "core:python"

[tools.python."platforms.linux-x64"]
checksum = "sha256:86bf107f65fc30b56f2b263b26797fcbb1661f5315910cdbf27f733eb8738b74"
url = "https://github.com/astral-sh/python-build-standalone/releases/download/20260718/cpython-3.14.6+20260718-x86_64-unknown-linux-gnu-install_only_stripped.tar.gz"
provenance = "github-attestations"

[[tools.rust]]
version = "1.97.1"
backend = "core:rust"

[[tools.semgrep]]
version = "1.172.0"
backend = "pipx:semgrep"

[[tools.sonar-scanner-cli]]
version = "8.1.0.6389"
backend = "aqua:SonarSource/sonar-scanner-cli"

[tools.sonar-scanner-cli."platforms.linux-x64"]
url = "https://binaries.sonarsource.com/Distribution/sonar-scanner-cli/sonar-scanner-cli-8.1.0.6389-linux-x64.zip"

[[tools.syft]]
version = "1.50.0"
backend = "aqua:anchore/syft"

[tools.syft."platforms.linux-x64"]
checksum = "sha256:bf7b29ff57f06da30918266a0e1c2885a8f99784798d1bdb1628886aa015d788"
url = "https://github.com/anchore/syft/releases/download/v1.50.0/syft_1.50.0_linux_amd64.tar.gz"
url_api = "https://api.github.com/repos/anchore/syft/releases/assets/493004612"

[[tools.task]]
version = "3.52.0"
backend = "aqua:go-task/task"

[tools.task."platforms.linux-x64"]
checksum = "sha256:02c679ffae53dca791804847d78b31731615894e292948397c971c87ac9e95bd"
url = "https://github.com/go-task/task/releases/download/v3.52.0/task_linux_amd64.tar.gz"
url_api = "https://api.github.com/repos/go-task/task/releases/assets/464613330"

[[tools.trivy]]
version = "0.73.0"
backend = "aqua:aquasecurity/trivy"

[tools.trivy."platforms.linux-x64"]
checksum = "sha256:2edd39da482bb4e9831962487b68f68e3928ec3137794757f54d00383d79547b"
url = "https://github.com/aquasecurity/trivy/releases/download/v0.73.0/trivy_0.73.0_Linux-64bit.tar.gz"
url_api = "https://api.github.com/repos/aquasecurity/trivy/releases/assets/499939909"
provenance = "cosign"

[[tools.uv]]
version = "0.12.1"
backend = "aqua:astral-sh/uv"

[tools.uv."platforms.linux-x64"]
checksum = "sha256:47823f814693bab8623308341369190de30b5c621eec5b1ee20352eae8c7982c"
url = "https://github.com/astral-sh/uv/releases/download/0.12.1/uv-x86_64-unknown-linux-musl.tar.gz"
url_api = "https://api.github.com/repos/astral-sh/uv/releases/assets/497097157"
provenance = "github-attestations"
